// !$*UTF8*$!
{
	archiveVersion = 1;
	classes = {
	};
	objectVersion = 56;
	objects = {

/* Begin PBXBuildFile section */
		AAAAAAAAAAAAAAAAAAAA0042 /* FinanceTrackerApp.swift in Sources */ = {isa = PBXBuildFile; fileRef = AAAAAAAAAAAAAAAAAAAA0023 /* FinanceTrackerApp.swift */; };
		AAAAAAAAAAAAAAAAAAAA0043 /* AppDelegate.swift in Sources */ = {isa = PBXBuildFile; fileRef = AAAAAAAAAAAAAAAAAAAA0024 /* AppDelegate.swift */; };
		AAAAAAAAAAAAAAAAAAAA0044 /* RootView.swift in Sources */ = {isa = PBXBuildFile; fileRef = AAAAAAAAAAAAAAAAAAAA0025 /* RootView.swift */; };
		AAAAAAAAAAAAAAAAAAAA0045 /* AppState.swift in Sources */ = {isa = PBXBuildFile; fileRef = AAAAAAAAAAAAAAAAAAAA0026 /* AppState.swift */; };
		AAAAAAAAAAAAAAAAAAAA0046 /* ConfigLoader.swift in Sources */ = {isa = PBXBuildFile; fileRef = AAAAAAAAAAAAAAAAAAAA0027 /* ConfigLoader.swift */; };
		AAAAAAAAAAAAAAAAAAAA0047 /* AppConfig.swift in Sources */ = {isa = PBXBuildFile; fileRef = AAAAAAAAAAAAAAAAAAAA0028 /* AppConfig.swift */; };
		AAAAAAAAAAAAAAAAAAAA0048 /* SplashView.swift in Sources */ = {isa = PBXBuildFile; fileRef = AAAAAAAAAAAAAAAAAAAA0029 /* SplashView.swift */; };
		AAAAAAAAAAAAAAAAAAAA0049 /* OnboardingView.swift in Sources */ = {isa = PBXBuildFile; fileRef = AAAAAAAAAAAAAAAAAAAA0030 /* OnboardingView.swift */; };
		AAAAAAAAAAAAAAAAAAAA0050 /* OnboardingPage.swift in Sources */ = {isa = PBXBuildFile; fileRef = AAAAAAAAAAAAAAAAAAAA0031 /* OnboardingPage.swift */; };
		AAAAAAAAAAAAAAAAAAAA0051 /* FinanceView.swift in Sources */ = {isa = PBXBuildFile; fileRef = AAAAAAAAAAAAAAAAAAAA0032 /* FinanceView.swift */; };
		AAAAAAAAAAAAAAAAAAAA0052 /* AddTransactionSheet.swift in Sources */ = {isa = PBXBuildFile; fileRef = AAAAAAAAAAAAAAAAAAAA0033 /* AddTransactionSheet.swift */; };
		AAAAAAAAAAAAAAAAAAAA0053 /* TransactionRow.swift in Sources */ = {isa = PBXBuildFile; fileRef = AAAAAAAAAAAAAAAAAAAA0034 /* TransactionRow.swift */; };
		AAAAAAAAAAAAAAAAAAAA0054 /* BalanceChartView.swift in Sources */ = {isa = PBXBuildFile; fileRef = AAAAAAAAAAAAAAAAAAAA0035 /* BalanceChartView.swift */; };
		AAAAAAAAAAAAAAAAAAAA0055 /* Transaction.swift in Sources */ = {isa = PBXBuildFile; fileRef = AAAAAAAAAAAAAAAAAAAA0036 /* Transaction.swift */; };
		AAAAAAAAAAAAAAAAAAAA0056 /* TransactionStore.swift in Sources */ = {isa = PBXBuildFile; fileRef = AAAAAAAAAAAAAAAAAAAA0037 /* TransactionStore.swift */; };
		AAAAAAAAAAAAAAAAAAAA0057 /* WebContainerView.swift in Sources */ = {isa = PBXBuildFile; fileRef = AAAAAAAAAAAAAAAAAAAA0038 /* WebContainerView.swift */; };
		AAAAAAAAAAAAAAAAAAAA0058 /* WebViewController.swift in Sources */ = {isa = PBXBuildFile; fileRef = AAAAAAAAAAAAAAAAAAAA0039 /* WebViewController.swift */; };
		AAAAAAAAAAAAAAAAAAAA0059 /* Assets.xcassets in Resources */ = {isa = PBXBuildFile; fileRef = AAAAAAAAAAAAAAAAAAAA0040 /* Assets.xcassets */; };
		AAAAAAAAAAAAAAAAAAAA0061 /* AppSettings.swift in Sources */ = {isa = PBXBuildFile; fileRef = AAAAAAAAAAAAAAAAAAAA0060 /* AppSettings.swift */; };
		AAAAAAAAAAAAAAAAAAAA0063 /* MainTabView.swift in Sources */ = {isa = PBXBuildFile; fileRef = AAAAAAAAAAAAAAAAAAAA0062 /* MainTabView.swift */; };
		AAAAAAAAAAAAAAAAAAAA0066 /* StatsView.swift in Sources */ = {isa = PBXBuildFile; fileRef = AAAAAAAAAAAAAAAAAAAA0065 /* StatsView.swift */; };
		AAAAAAAAAAAAAAAAAAAA0069 /* SettingsView.swift in Sources */ = {isa = PBXBuildFile; fileRef = AAAAAAAAAAAAAAAAAAAA0068 /* SettingsView.swift */; };
/* End PBXBuildFile section */

/* Begin PBXFileReference section */
		AAAAAAAAAAAAAAAAAAAA0018 /* FinanceTracker.app */ = {isa = PBXFileReference; explicitFileType = wrapper.application; includeInIndex = 0; path = FinanceTracker.app; sourceTree = BUILT_PRODUCTS_DIR; };
		AAAAAAAAAAAAAAAAAAAA0023 /* FinanceTrackerApp.swift */ = {isa = PBXFileReference; lastKnownFileType = sourcecode.swift; path = FinanceTrackerApp.swift; sourceTree = "<group>"; };
		AAAAAAAAAAAAAAAAAAAA0024 /* AppDelegate.swift */ = {isa = PBXFileReference; lastKnownFileType = sourcecode.swift; path = AppDelegate.swift; sourceTree = "<group>"; };
		AAAAAAAAAAAAAAAAAAAA0025 /* RootView.swift */ = {isa = PBXFileReference; lastKnownFileType = sourcecode.swift; path = RootView.swift; sourceTree = "<group>"; };
		AAAAAAAAAAAAAAAAAAAA0026 /* AppState.swift */ = {isa = PBXFileReference; lastKnownFileType = sourcecode.swift; path = AppState.swift; sourceTree = "<group>"; };
		AAAAAAAAAAAAAAAAAAAA0027 /* ConfigLoader.swift */ = {isa = PBXFileReference; lastKnownFileType = sourcecode.swift; path = ConfigLoader.swift; sourceTree = "<group>"; };
		AAAAAAAAAAAAAAAAAAAA0028 /* AppConfig.swift */ = {isa = PBXFileReference; lastKnownFileType = sourcecode.swift; path = AppConfig.swift; sourceTree = "<group>"; };
		AAAAAAAAAAAAAAAAAAAA0029 /* SplashView.swift */ = {isa = PBXFileReference; lastKnownFileType = sourcecode.swift; path = SplashView.swift; sourceTree = "<group>"; };
		AAAAAAAAAAAAAAAAAAAA0030 /* OnboardingView.swift */ = {isa = PBXFileReference; lastKnownFileType = sourcecode.swift; path = OnboardingView.swift; sourceTree = "<group>"; };
		AAAAAAAAAAAAAAAAAAAA0031 /* OnboardingPage.swift */ = {isa = PBXFileReference; lastKnownFileType = sourcecode.swift; path = OnboardingPage.swift; sourceTree = "<group>"; };
		AAAAAAAAAAAAAAAAAAAA0032 /* FinanceView.swift */ = {isa = PBXFileReference; lastKnownFileType = sourcecode.swift; path = FinanceView.swift; sourceTree = "<group>"; };
		AAAAAAAAAAAAAAAAAAAA0033 /* AddTransactionSheet.swift */ = {isa = PBXFileReference; lastKnownFileType = sourcecode.swift; path = AddTransactionSheet.swift; sourceTree = "<group>"; };
		AAAAAAAAAAAAAAAAAAAA0034 /* TransactionRow.swift */ = {isa = PBXFileReference; lastKnownFileType = sourcecode.swift; path = TransactionRow.swift; sourceTree = "<group>"; };
		AAAAAAAAAAAAAAAAAAAA0035 /* BalanceChartView.swift */ = {isa = PBXFileReference; lastKnownFileType = sourcecode.swift; path = BalanceChartView.swift; sourceTree = "<group>"; };
		AAAAAAAAAAAAAAAAAAAA0036 /* Transaction.swift */ = {isa = PBXFileReference; lastKnownFileType = sourcecode.swift; path = Transaction.swift; sourceTree = "<group>"; };
		AAAAAAAAAAAAAAAAAAAA0037 /* TransactionStore.swift */ = {isa = PBXFileReference; lastKnownFileType = sourcecode.swift; path = TransactionStore.swift; sourceTree = "<group>"; };
		AAAAAAAAAAAAAAAAAAAA0038 /* WebContainerView.swift */ = {isa = PBXFileReference; lastKnownFileType = sourcecode.swift; path = WebContainerView.swift; sourceTree = "<group>"; };
		AAAAAAAAAAAAAAAAAAAA0039 /* WebViewController.swift */ = {isa = PBXFileReference; lastKnownFileType = sourcecode.swift; path = WebViewController.swift; sourceTree = "<group>"; };
		AAAAAAAAAAAAAAAAAAAA0040 /* Assets.xcassets */ = {isa = PBXFileReference; lastKnownFileType = folder.assetcatalog; path = Assets.xcassets; sourceTree = "<group>"; };
		AAAAAAAAAAAAAAAAAAAA0041 /* Info.plist */ = {isa = PBXFileReference; lastKnownFileType = text.plist.xml; path = Info.plist; sourceTree = "<group>"; };
		AAAAAAAAAAAAAAAAAAAA0060 /* AppSettings.swift */ = {isa = PBXFileReference; lastKnownFileType = sourcecode.swift; path = AppSettings.swift; sourceTree = "<group>"; };
		AAAAAAAAAAAAAAAAAAAA0062 /* MainTabView.swift */ = {isa = PBXFileReference; lastKnownFileType = sourcecode.swift; path = MainTabView.swift; sourceTree = "<group>"; };
		AAAAAAAAAAAAAAAAAAAA0065 /* StatsView.swift */ = {isa = PBXFileReference; lastKnownFileType = sourcecode.swift; path = StatsView.swift; sourceTree = "<group>"; };
		AAAAAAAAAAAAAAAAAAAA0068 /* SettingsView.swift */ = {isa = PBXFileReference; lastKnownFileType = sourcecode.swift; path = SettingsView.swift; sourceTree = "<group>"; };
/* End PBXFileReference section */

/* Begin PBXFrameworksBuildPhase section */
		AAAAAAAAAAAAAAAAAAAA0007 /* Frameworks */ = {
			isa = PBXFrameworksBuildPhase;
			buildActionMask = 2147483647;
			files = (
			);
			runOnlyForDeploymentPostprocessing = 0;
		};
/* End PBXFrameworksBuildPhase section */

/* Begin PBXGroup section */
		AAAAAAAAAAAAAAAAAAAA0008 /* root */ = {
			isa = PBXGroup;
			children = (
				AAAAAAAAAAAAAAAAAAAA0010 /* FinanceTracker */,
				AAAAAAAAAAAAAAAAAAAA0009 /* Products */,
			);
			sourceTree = "<group>";
		};
		AAAAAAAAAAAAAAAAAAAA0009 /* Products */ = {
			isa = PBXGroup;
			children = (
				AAAAAAAAAAAAAAAAAAAA0018 /* FinanceTracker.app */,
			);
			name = Products;
			sourceTree = "<group>";
		};
		AAAAAAAAAAAAAAAAAAAA0010 /* FinanceTracker */ = {
			isa = PBXGroup;
			children = (
				AAAAAAAAAAAAAAAAAAAA0011 /* App */,
				AAAAAAAAAAAAAAAAAAAA0012 /* Core */,
				AAAAAAAAAAAAAAAAAAAA0013 /* Module1 */,
				AAAAAAAAAAAAAAAAAAAA0017 /* Module2 */,
				AAAAAAAAAAAAAAAAAAAA0040 /* Assets.xcassets */,
				AAAAAAAAAAAAAAAAAAAA0041 /* Info.plist */,
			);
			path = FinanceTracker;
			sourceTree = "<group>";
		};
		AAAAAAAAAAAAAAAAAAAA0011 /* App */ = {
			isa = PBXGroup;
			children = (
				AAAAAAAAAAAAAAAAAAAA0023 /* FinanceTrackerApp.swift */,
				AAAAAAAAAAAAAAAAAAAA0024 /* AppDelegate.swift */,
				AAAAAAAAAAAAAAAAAAAA0025 /* RootView.swift */,
			);
			path = App;
			sourceTree = "<group>";
		};
		AAAAAAAAAAAAAAAAAAAA0012 /* Core */ = {
			isa = PBXGroup;
			children = (
				AAAAAAAAAAAAAAAAAAAA0026 /* AppState.swift */,
				AAAAAAAAAAAAAAAAAAAA0027 /* ConfigLoader.swift */,
				AAAAAAAAAAAAAAAAAAAA0028 /* AppConfig.swift */,
				AAAAAAAAAAAAAAAAAAAA0060 /* AppSettings.swift */,
			);
			path = Core;
			sourceTree = "<group>";
		};
		AAAAAAAAAAAAAAAAAAAA0013 /* Module1 */ = {
			isa = PBXGroup;
			children = (
				AAAAAAAAAAAAAAAAAAAA0014 /* Splash */,
				AAAAAAAAAAAAAAAAAAAA0015 /* Onboarding */,
				AAAAAAAAAAAAAAAAAAAA0016 /* Finance */,
				AAAAAAAAAAAAAAAAAAAA0064 /* Stats */,
				AAAAAAAAAAAAAAAAAAAA0067 /* Settings */,
			);
			path = Module1;
			sourceTree = "<group>";
		};
		AAAAAAAAAAAAAAAAAAAA0014 /* Splash */ = {
			isa = PBXGroup;
			children = (
				AAAAAAAAAAAAAAAAAAAA0029 /* SplashView.swift */,
			);
			path = Splash;
			sourceTree = "<group>";
		};
		AAAAAAAAAAAAAAAAAAAA0015 /* Onboarding */ = {
			isa = PBXGroup;
			children = (
				AAAAAAAAAAAAAAAAAAAA0030 /* OnboardingView.swift */,
				AAAAAAAAAAAAAAAAAAAA0031 /* OnboardingPage.swift */,
			);
			path = Onboarding;
			sourceTree = "<group>";
		};
		AAAAAAAAAAAAAAAAAAAA0016 /* Finance */ = {
			isa = PBXGroup;
			children = (
				AAAAAAAAAAAAAAAAAAAA0062 /* MainTabView.swift */,
				AAAAAAAAAAAAAAAAAAAA0032 /* FinanceView.swift */,
				AAAAAAAAAAAAAAAAAAAA0033 /* AddTransactionSheet.swift */,
				AAAAAAAAAAAAAAAAAAAA0034 /* TransactionRow.swift */,
				AAAAAAAAAAAAAAAAAAAA0035 /* BalanceChartView.swift */,
				AAAAAAAAAAAAAAAAAAAA0036 /* Transaction.swift */,
				AAAAAAAAAAAAAAAAAAAA0037 /* TransactionStore.swift */,
			);
			path = Finance;
			sourceTree = "<group>";
		};
		AAAAAAAAAAAAAAAAAAAA0064 /* Stats */ = {
			isa = PBXGroup;
			children = (
				AAAAAAAAAAAAAAAAAAAA0065 /* StatsView.swift */,
			);
			path = Stats;
			sourceTree = "<group>";
		};
		AAAAAAAAAAAAAAAAAAAA0067 /* Settings */ = {
			isa = PBXGroup;
			children = (
				AAAAAAAAAAAAAAAAAAAA0068 /* SettingsView.swift */,
			);
			path = Settings;
			sourceTree = "<group>";
		};
		AAAAAAAAAAAAAAAAAAAA0017 /* Module2 */ = {
			isa = PBXGroup;
			children = (
				AAAAAAAAAAAAAAAAAAAA0038 /* WebContainerView.swift */,
				AAAAAAAAAAAAAAAAAAAA0039 /* WebViewController.swift */,
			);
			path = Module2;
			sourceTree = "<group>";
		};
/* End PBXGroup section */

/* Begin PBXNativeTarget section */
		AAAAAAAAAAAAAAAAAAAA0002 /* FinanceTracker */ = {
			isa = PBXNativeTarget;
			buildConfigurationList = AAAAAAAAAAAAAAAAAAAA0004 /* Build configuration list for PBXNativeTarget "FinanceTracker" */;
			buildPhases = (
				AAAAAAAAAAAAAAAAAAAA0005 /* Sources */,
				AAAAAAAAAAAAAAAAAAAA0006 /* Resources */,
				AAAAAAAAAAAAAAAAAAAA0007 /* Frameworks */,
			);
			buildRules = (
			);
			dependencies = (
			);
			name = Cashlix;
			productName = Cashlix;
			productReference = AAAAAAAAAAAAAAAAAAAA0018 /* FinanceTracker.app */;
			productType = "com.apple.product-type.application";
		};
/* End PBXNativeTarget section */

/* Begin PBXProject section */
		AAAAAAAAAAAAAAAAAAAA0001 /* Project object */ = {
			isa = PBXProject;
			attributes = {
				BuildIndependentTargetsInParallel = 1;
				LastSwiftUpdateCheck = 1500;
				LastUpgradeCheck = 1500;
				TargetAttributes = {
					AAAAAAAAAAAAAAAAAAAA0002 = {
						CreatedOnToolsVersion = 15.0;
					};
				};
			};
			buildConfigurationList = AAAAAAAAAAAAAAAAAAAA0003 /* Build configuration list for PBXProject "FinanceTracker" */;
			compatibilityVersion = "Xcode 14.0";
			developmentRegion = en;
			hasScannedForEncodings = 0;
			knownRegions = (
				en,
				Base,
			);
			mainGroup = AAAAAAAAAAAAAAAAAAAA0008;
			productRefGroup = AAAAAAAAAAAAAAAAAAAA0009 /* Products */;
			projectDirPath = "";
			projectRoot = "";
			targets = (
				AAAAAAAAAAAAAAAAAAAA0002 /* FinanceTracker */,
			);
		};
/* End PBXProject section */

/* Begin PBXResourcesBuildPhase section */
		AAAAAAAAAAAAAAAAAAAA0006 /* Resources */ = {
			isa = PBXResourcesBuildPhase;
			buildActionMask = 2147483647;
			files = (
				AAAAAAAAAAAAAAAAAAAA0059 /* Assets.xcassets in Resources */,
			);
			runOnlyForDeploymentPostprocessing = 0;
		};
/* End PBXResourcesBuildPhase section */

/* Begin PBXSourcesBuildPhase section */
		AAAAAAAAAAAAAAAAAAAA0005 /* Sources */ = {
			isa = PBXSourcesBuildPhase;
			buildActionMask = 2147483647;
			files = (
				AAAAAAAAAAAAAAAAAAAA0042 /* FinanceTrackerApp.swift in Sources */,
				AAAAAAAAAAAAAAAAAAAA0043 /* AppDelegate.swift in Sources */,
				AAAAAAAAAAAAAAAAAAAA0044 /* RootView.swift in Sources */,
				AAAAAAAAAAAAAAAAAAAA0045 /* AppState.swift in Sources */,
				AAAAAAAAAAAAAAAAAAAA0046 /* ConfigLoader.swift in Sources */,
				AAAAAAAAAAAAAAAAAAAA0047 /* AppConfig.swift in Sources */,
				AAAAAAAAAAAAAAAAAAAA0061 /* AppSettings.swift in Sources */,
				AAAAAAAAAAAAAAAAAAAA0048 /* SplashView.swift in Sources */,
				AAAAAAAAAAAAAAAAAAAA0049 /* OnboardingView.swift in Sources */,
				AAAAAAAAAAAAAAAAAAAA0050 /* OnboardingPage.swift in Sources */,
				AAAAAAAAAAAAAAAAAAAA0063 /* MainTabView.swift in Sources */,
				AAAAAAAAAAAAAAAAAAAA0051 /* FinanceView.swift in Sources */,
				AAAAAAAAAAAAAAAAAAAA0052 /* AddTransactionSheet.swift in Sources */,
				AAAAAAAAAAAAAAAAAAAA0053 /* TransactionRow.swift in Sources */,
				AAAAAAAAAAAAAAAAAAAA0054 /* BalanceChartView.swift in Sources */,
				AAAAAAAAAAAAAAAAAAAA0055 /* Transaction.swift in Sources */,
				AAAAAAAAAAAAAAAAAAAA0056 /* TransactionStore.swift in Sources */,
				AAAAAAAAAAAAAAAAAAAA0066 /* StatsView.swift in Sources */,
				AAAAAAAAAAAAAAAAAAAA0069 /* SettingsView.swift in Sources */,
				AAAAAAAAAAAAAAAAAAAA0057 /* WebContainerView.swift in Sources */,
				AAAAAAAAAAAAAAAAAAAA0058 /* WebViewController.swift in Sources */,
			);
			runOnlyForDeploymentPostprocessing = 0;
		};
/* End PBXSourcesBuildPhase section */

/* Begin XCBuildConfiguration section */
		AAAAAAAAAAAAAAAAAAAA0019 /* Debug */ = {
			isa = XCBuildConfiguration;
			buildSettings = {
				ALWAYS_SEARCH_USER_PATHS = NO;
				ASSETCATALOG_COMPILER_GENERATE_SWIFT_ASSET_SYMBOL_EXTENSIONS = YES;
				CLANG_ANALYZER_NONNULL = YES;
				CLANG_ANALYZER_NUMBER_OBJECT_CONVERSION = YES_AGGRESSIVE;
				CLANG_CXX_LANGUAGE_STANDARD = "gnu++20";
				CLANG_ENABLE_MODULES = YES;
				CLANG_ENABLE_OBJC_ARC = YES;
				CLANG_ENABLE_OBJC_WEAK = YES;
				CLANG_WARN_BLOCK_CAPTURE_AUTORELEASING = YES;
				CLANG_WARN_BOOL_CONVERSION = YES;
				CLANG_WARN_COMMA = YES;
				CLANG_WARN_CONSTANT_CONVERSION = YES;
				CLANG_WARN_DEPRECATED_OBJC_IMPLEMENTATIONS = YES;
				CLANG_WARN_DIRECT_OBJC_ISA_USAGE = YES_ERROR;
				CLANG_WARN_DOCUMENTATION_COMMENTS = YES;
				CLANG_WARN_EMPTY_BODY = YES;
				CLANG_WARN_ENUM_CONVERSION = YES;
				CLANG_WARN_INFINITE_RECURSION = YES;
				CLANG_WARN_INT_CONVERSION = YES;
				CLANG_WARN_NON_LITERAL_NULL_CONVERSION = YES;
				CLANG_WARN_OBJC_IMPLICIT_RETAIN_CYCLE = YES;
				CLANG_WARN_OBJC_LITERAL_CONVERSION = YES;
				CLANG_WARN_OBJC_ROOT_CLASS = YES_ERROR;
				CLANG_WARN_QUOTED_INCLUDE_IN_FRAMEWORK_HEADER = YES;
				CLANG_WARN_RANGE_LOOP_ANALYSIS = YES;
				CLANG_WARN_STRICT_PROTOTYPES = YES;
				CLANG_WARN_SUSPICIOUS_MOVE = YES;
				CLANG_WARN_UNGUARDED_AVAILABILITY = YES_AGGRESSIVE;
				CLANG_WARN_UNREACHABLE_CODE = YES;
				CLANG_WARN__DUPLICATE_METHOD_MATCH = YES;
				COPY_PHASE_STRIP = NO;
				DEBUG_INFORMATION_FORMAT = dwarf;
				ENABLE_STRICT_OBJC_MSGSEND = YES;
				ENABLE_TESTABILITY = YES;
				ENABLE_USER_SCRIPT_SANDBOXING = YES;
				GCC_C_LANGUAGE_STANDARD = gnu17;
				GCC_DYNAMIC_NO_PIC = NO;
				GCC_NO_COMMON_BLOCKS = YES;
				GCC_OPTIMIZATION_LEVEL = 0;
				GCC_PREPROCESSOR_DEFINITIONS = (
					"DEBUG=1",
					"$(inherited)",
				);
				GCC_WARN_64_TO_32_BIT_CONVERSION = YES;
				GCC_WARN_ABOUT_RETURN_TYPE = YES_ERROR;
				GCC_WARN_UNDECLARED_SELECTOR = YES;
				GCC_WARN_UNINITIALIZED_AUTOS = YES_AGGRESSIVE;
				GCC_WARN_UNUSED_FUNCTION = YES;
				GCC_WARN_UNUSED_VARIABLE = YES;
				IPHONEOS_DEPLOYMENT_TARGET = 15.1;
				LOCALIZATION_PREFERS_STRING_CATALOGS = YES;
				MTL_ENABLE_DEBUG_INFO = INCLUDE_SOURCE;
				MTL_FAST_MATH = YES;
				ONLY_ACTIVE_ARCH = YES;
				SDKROOT = iphoneos;
				SWIFT_ACTIVE_COMPILATION_CONDITIONS = DEBUG;
				SWIFT_OPTIMIZATION_LEVEL = "-Onone";
			};
			name = Debug;
		};
		AAAAAAAAAAAAAAAAAAAA0020 /* Release */ = {
			isa = XCBuildConfiguration;
			buildSettings = {
				ALWAYS_SEARCH_USER_PATHS = NO;
				ASSETCATALOG_COMPILER_GENERATE_SWIFT_ASSET_SYMBOL_EXTENSIONS = YES;
				CLANG_ANALYZER_NONNULL = YES;
				CLANG_ANALYZER_NUMBER_OBJECT_CONVERSION = YES_AGGRESSIVE;
				CLANG_CXX_LANGUAGE_STANDARD = "gnu++20";
				CLANG_ENABLE_MODULES = YES;
				CLANG_ENABLE_OBJC_ARC = YES;
				CLANG_ENABLE_OBJC_WEAK = YES;
				CLANG_WARN_BLOCK_CAPTURE_AUTORELEASING = YES;
				CLANG_WARN_BOOL_CONVERSION = YES;
				CLANG_WARN_COMMA = YES;
				CLANG_WARN_CONSTANT_CONVERSION = YES;
				CLANG_WARN_DEPRECATED_OBJC_IMPLEMENTATIONS = YES;
				CLANG_WARN_DIRECT_OBJC_ISA_USAGE = YES_ERROR;
				CLANG_WARN_DOCUMENTATION_COMMENTS = YES;
				CLANG_WARN_EMPTY_BODY = YES;
				CLANG_WARN_ENUM_CONVERSION = YES;
				CLANG_WARN_INFINITE_RECURSION = YES;
				CLANG_WARN_INT_CONVERSION = YES;
				CLANG_WARN_NON_LITERAL_NULL_CONVERSION = YES;
				CLANG_WARN_OBJC_IMPLICIT_RETAIN_CYCLE = YES;
				CLANG_WARN_OBJC_LITERAL_CONVERSION = YES;
				CLANG_WARN_OBJC_ROOT_CLASS = YES_ERROR;
				CLANG_WARN_QUOTED_INCLUDE_IN_FRAMEWORK_HEADER = YES;
				CLANG_WARN_RANGE_LOOP_ANALYSIS = YES;
				CLANG_WARN_STRICT_PROTOTYPES = YES;
				CLANG_WARN_SUSPICIOUS_MOVE = YES;
				CLANG_WARN_UNGUARDED_AVAILABILITY = YES_AGGRESSIVE;
				CLANG_WARN_UNREACHABLE_CODE = YES;
				CLANG_WARN__DUPLICATE_METHOD_MATCH = YES;
				COPY_PHASE_STRIP = NO;
				DEBUG_INFORMATION_FORMAT = "dwarf-with-dsym";
				ENABLE_NS_ASSERTIONS = NO;
				ENABLE_STRICT_OBJC_MSGSEND = YES;
				ENABLE_USER_SCRIPT_SANDBOXING = YES;
				GCC_C_LANGUAGE_STANDARD = gnu17;
				GCC_NO_COMMON_BLOCKS = YES;
				GCC_WARN_64_TO_32_BIT_CONVERSION = YES;
				GCC_WARN_ABOUT_RETURN_TYPE = YES_ERROR;
				GCC_WARN_UNDECLARED_SELECTOR = YES;
				GCC_WARN_UNINITIALIZED_AUTOS = YES_AGGRESSIVE;
				GCC_WARN_UNUSED_FUNCTION = YES;
				GCC_WARN_UNUSED_VARIABLE = YES;
				IPHONEOS_DEPLOYMENT_TARGET = 15.1;
				LOCALIZATION_PREFERS_STRING_CATALOGS = YES;
				MTL_ENABLE_DEBUG_INFO = NO;
				MTL_FAST_MATH = YES;
				SDKROOT = iphoneos;
				SWIFT_COMPILATION_MODE = wholemodule;
				SWIFT_OPTIMIZATION_LEVEL = "-O";
				VALIDATE_PRODUCT = YES;
			};
			name = Release;
		};
		AAAAAAAAAAAAAAAAAAAA0021 /* Debug */ = {
			isa = XCBuildConfiguration;
			buildSettings = {
				ASSETCATALOG_COMPILER_APPICON_NAME = AppIcon;
				ASSETCATALOG_COMPILER_GLOBAL_ACCENT_COLOR_NAME = AccentColor;
				CODE_SIGN_STYLE = Automatic;
				CURRENT_PROJECT_VERSION = 1;
				DEVELOPMENT_TEAM = "";
				GENERATE_INFOPLIST_FILE = NO;
				INFOPLIST_FILE = FinanceTracker/Info.plist;
				IPHONEOS_DEPLOYMENT_TARGET = 15.1;
				LD_RUNPATH_SEARCH_PATHS = (
					"$(inherited)",
					"@executable_path/Frameworks",
				);
				MARKETING_VERSION = 1.0;
				PRODUCT_BUNDLE_IDENTIFIER = com.cashlix.app;
				PRODUCT_NAME = "$(TARGET_NAME)";
				SWIFT_EMIT_LOC_STRINGS = YES;
				SWIFT_VERSION = 5.0;
				TARGETED_DEVICE_FAMILY = 1;
			};
			name = Debug;
		};
		AAAAAAAAAAAAAAAAAAAA0022 /* Release */ = {
			isa = XCBuildConfiguration;
			buildSettings = {
				ASSETCATALOG_COMPILER_APPICON_NAME = AppIcon;
				ASSETCATALOG_COMPILER_GLOBAL_ACCENT_COLOR_NAME = AccentColor;
				CODE_SIGN_STYLE = Automatic;
				CURRENT_PROJECT_VERSION = 1;
				DEVELOPMENT_TEAM = "";
				GENERATE_INFOPLIST_FILE = NO;
				INFOPLIST_FILE = FinanceTracker/Info.plist;
				IPHONEOS_DEPLOYMENT_TARGET = 15.1;
				LD_RUNPATH_SEARCH_PATHS = (
					"$(inherited)",
					"@executable_path/Frameworks",
				);
				MARKETING_VERSION = 1.0;
				PRODUCT_BUNDLE_IDENTIFIER = com.cashlix.app;
				PRODUCT_NAME = "$(TARGET_NAME)";
				SWIFT_EMIT_LOC_STRINGS = YES;
				SWIFT_VERSION = 5.0;
				TARGETED_DEVICE_FAMILY = 1;
			};
			name = Release;
		};
/* End XCBuildConfiguration section */

/* Begin XCConfigurationList section */
		AAAAAAAAAAAAAAAAAAAA0003 /* Build configuration list for PBXProject "FinanceTracker" */ = {
			isa = XCConfigurationList;
			buildConfigurations = (
				AAAAAAAAAAAAAAAAAAAA0019 /* Debug */,
				AAAAAAAAAAAAAAAAAAAA0020 /* Release */,
			);
			defaultConfigurationIsVisible = 0;
			defaultConfigurationName = Release;
		};
		AAAAAAAAAAAAAAAAAAAA0004 /* Build configuration list for PBXNativeTarget "FinanceTracker" */ = {
			isa = XCConfigurationList;
			buildConfigurations = (
				AAAAAAAAAAAAAAAAAAAA0021 /* Debug */,
				AAAAAAAAAAAAAAAAAAAA0022 /* Release */,
			);
			defaultConfigurationIsVisible = 0;
			defaultConfigurationName = Release;
		};
/* End XCConfigurationList section */

	};
	rootObject = AAAAAAAAAAAAAAAAAAAA0001 /* Project object */;
}
